// !$*UTF8*$!
{
	archiveVersion = 1;
	classes = {
	};
	objectVersion = 46;
	objects = {

/* Begin PBXBuildFile section */
		6C0914D11C35923600A71686 /* AppDelegate.swift in Sources */ = {isa = PBXBuildFile; fileRef = 6C0914D01C35923600A71686 /* AppDelegate.swift */; };
		6C0914D31C35923600A71686 /* ViewController.swift in Sources */ = {isa = PBXBuildFile; fileRef = 6C0914D21C35923600A71686 /* ViewController.swift */; };
		6C0914D61C35923600A71686 /* Main.storyboard in Resources */ = {isa = PBXBuildFile; fileRef = 6C0914D41C35923600A71686 /* Main.storyboard */; };
		6C0914D81C35923600A71686 /* Assets.xcassets in Resources */ = {isa = PBXBuildFile; fileRef = 6C0914D71C35923600A71686 /* Assets.xcassets */; };
		6C0914E01C35A17C00A71686 /* FocusView.swift in Sources */ = {isa = PBXBuildFile; fileRef = 6C0914DF1C35A17C00A71686 /* FocusView.swift */; };
/* End PBXBuildFile section */

/* Begin PBXFileReference section */
		6C0914CD1C35923600A71686 /* CustomViewFocus.app */ = {isa = PBXFileReference; explicitFileType = wrapper.application; includeInIndex = 0; path = CustomViewFocus.app; sourceTree = BUILT_PRODUCTS_DIR; };
		6C0914D01C35923600A71686 /* AppDelegate.swift */ = {isa = PBXFileReference; lastKnownFileType = sourcecode.swift; path = AppDelegate.swift; sourceTree = "<group>"; };
		6C0914D21C35923600A71686 /* ViewController.swift */ = {isa = PBXFileReference; lastKnownFileType = sourcecode.swift; path = ViewController.swift; sourceTree = "<group>"; };
		6C0914D51C35923600A71686 /* Base */ = {isa = PBXFileReference; lastKnownFileType = file.storyboard; name = Base; path = Base.lproj/Main.storyboard; sourceTree = "<group>"; };
		6C0914D71C35923600A71686 /* Assets.xcassets */ = {isa = PBXFileReference; lastKnownFileType = folder.assetcatalog; path = Assets.xcassets; sourceTree = "<group>"; };
		6C0914D91C35923600A71686 /* Info.plist */ = {isa = PBXFileReference; lastKnownFileType = text.plist.xml; path = Info.plist; sourceTree = "<group>"; };
		6C0914DF1C35A17C00A71686 /* FocusView.swift */ = {isa = PBXFileReference; fileEncoding = 4; lastKnownFileType = sourcecode.swift; path = FocusView.swift; sourceTree = "<group>"; };
/* End PBXFileReference section */

/* Begin PBXFrameworksBuildPhase section */
		6C0914CA1C35923600A71686 /* Frameworks */ = {
			isa = PBXFrameworksBuildPhase;
			buildActionMask = 2147483647;
			files = (
			);
			runOnlyForDeploymentPostprocessing = 0;
		};
/* End PBXFrameworksBuildPhase section */

/* Begin PBXGroup section */
		6C0914C41C35923600A71686 = {
			isa = PBXGroup;
			children = (
				6C0914CF1C35923600A71686 /* CustomViewFocus */,
				6C0914CE1C35923600A71686 /* Products */,
			);
			sourceTree = "<group>";
		};
		6C0914CE1C35923600A71686 /* Products */ = {
			isa = PBXGroup;
			children = (
				6C0914CD1C35923600A71686 /* CustomViewFocus.app */,
			);
			name = Products;
			sourceTree = "<group>";
		};
		6C0914CF1C35923600A71686 /* CustomViewFocus */ = {
			isa = PBXGroup;
			children = (
				6C0914D01C35923600A71686 /* AppDelegate.swift */,
				6C0914D21C35923600A71686 /* ViewController.swift */,
				6C0914DF1C35A17C00A71686 /* FocusView.swift */,
				6C0914D41C35923600A71686 /* Main.storyboard */,
				6C0914D71C35923600A71686 /* Assets.xcassets */,
				6C0914D91C35923600A71686 /* Info.plist */,
			);
			path = CustomViewFocus;
			sourceTree = "<group>";
		};
/* End PBXGroup section */

/* Begin PBXNativeTarget section */
		6C0914CC1C35923600A71686 /* CustomViewFocus */ = {
			isa = PBXNativeTarget;
			buildConfigurationList = 6C0914DC1C35923600A71686 /* Build configuration list for PBXNativeTarget "CustomViewFocus" */;
			buildPhases = (
				6C0914C91C35923600A71686 /* Sources */,
				6C0914CA1C35923600A71686 /* Frameworks */,
				6C0914CB1C35923600A71686 /* Resources */,
			);
			buildRules = (
			);
			dependencies = (
			);
			name = CustomViewFocus;
			productName = CustomViewFocus;
			productReference = 6C0914CD1C35923600A71686 /* CustomViewFocus.app */;
			productType = "com.apple.product-type.application";
		};
/* End PBXNativeTarget section */

/* Begin PBXProject section */
		6C0914C51C35923600A71686 /* Project object */ = {
			isa = PBXProject;
			attributes = {
				LastSwiftUpdateCheck = 0720;
				LastUpgradeCheck = 0720;
				ORGANIZATIONNAME = "Dulio Denis";
				TargetAttributes = {
					6C0914CC1C35923600A71686 = {
						CreatedOnToolsVersion = 7.2;
					};
				};
			};
			buildConfigurationList = 6C0914C81C35923600A71686 /* Build configuration list for PBXProject "CustomViewFocus" */;
			compatibilityVersion = "Xcode 3.2";
			developmentRegion = English;
			hasScannedForEncodings = 0;
			knownRegions = (
				en,
				Base,
			);
			mainGroup = 6C0914C41C35923600A71686;
			productRefGroup = 6C0914CE1C35923600A71686 /* Products */;
			projectDirPath = "";
			projectRoot = "";
			targets = (
				6C0914CC1C35923600A71686 /* CustomViewFocus */,
			);
		};
/* End PBXProject section */

/* Begin PBXResourcesBuildPhase section */
		6C0914CB1C35923600A71686 /* Resources */ = {
			isa = PBXResourcesBuildPhase;
			buildActionMask = 2147483647;
			files = (
				6C0914D81C35923600A71686 /* Assets.xcassets in Resources */,
				6C0914D61C35923600A71686 /* Main.storyboard in Resources */,
			);
			runOnlyForDeploymentPostprocessing = 0;
		};
/* End PBXResourcesBuildPhase section */

/* Begin PBXSourcesBuildPhase section */
		6C0914C91C35923600A71686 /* Sources */ = {
			isa = PBXSourcesBuildPhase;
			buildActionMask = 2147483647;
			files = (
				6C0914D31C35923600A71686 /* ViewController.swift in Sources */,
				6C0914D11C35923600A71686 /* AppDelegate.swift in Sources */,
				6C0914E01C35A17C00A71686 /* FocusView.swift in Sources */,
			);
			runOnlyForDeploymentPostprocessing = 0;
		};
/* End PBXSourcesBuildPhase section */

/* Begin PBXVariantGroup section */
		6C0914D41C35923600A71686 /* Main.storyboard */ = {
			isa = PBXVariantGroup;
			children = (
				6C0914D51C35923600A71686 /* Base */,
			);
			name = Main.storyboard;
			sourceTree = "<group>";
		};
/* End PBXVariantGroup section */

/* Begin XCBuildConfiguration section */
		6C0914DA1C35923600A71686 /* Debug */ = {
			isa = XCBuildConfiguration;
			buildSettings = {
				ALWAYS_SEARCH_USER_PATHS = NO;
				CLANG_CXX_LANGUAGE_STANDARD = "gnu++0x";
				CLANG_CXX_LIBRARY = "libc++";
				CLANG_ENABLE_MODULES = YES;
				CLANG_ENABLE_OBJC_ARC = YES;
				CLANG_WARN_BOOL_CONVERSION = YES;
				CLANG_WARN_CONSTANT_CONVERSION = YES;
				CLANG_WARN_DIRECT_OBJC_ISA_USAGE = YES_ERROR;
				CLANG_WARN_EMPTY_BODY = YES;
				CLANG_WARN_ENUM_CONVERSION = YES;
				CLANG_WARN_INT_CONVERSION = YES;
				CLANG_WARN_OBJC_ROOT_CLASS = YES_ERROR;
				CLANG_WARN_UNREACHABLE_CODE = YES;
				CLANG_WARN__DUPLICATE_METHOD_MATCH = YES;
				COPY_PHASE_STRIP = NO;
				DEBUG_INFORMATION_FORMAT = dwarf;
				ENABLE_STRICT_OBJC_MSGSEND = YES;
				ENABLE_TESTABILITY = YES;
				GCC_C_LANGUAGE_STANDARD = gnu99;
				GCC_DYNAMIC_NO_PIC = NO;
				GCC_NO_COMMON_BLOCKS = YES;
				GCC_OPTIMIZATION_LEVEL = 0;
				GCC_PREPROCESSOR_DEFINITIONS = (
					"DEBUG=1",
					"$(inherited)",
				);
				GCC_WARN_64_TO_32_BIT_CONVERSION = YES;
				GCC_WARN_ABOUT_RETURN_TYPE = YES_ERROR;
				GCC_WARN_UNDECLARED_SELECTOR = YES;
				GCC_WARN_UNINITIALIZED_AUTOS = YES_AGGRESSIVE;
				GCC_WARN_UNUSED_FUNCTION = YES;
				GCC_WARN_UNUSED_VARIABLE = YES;
				MTL_ENABLE_DEBUG_INFO = YES;
				ONLY_ACTIVE_ARCH = YES;
				SDKROOT = appletvos;
				SWIFT_OPTIMIZATION_LEVEL = "-Onone";
				TARGETED_DEVICE_FAMILY = 3;
				TVOS_DEPLOYMENT_TARGET = 9.1;
			};
			name = Debug;
		};
		6C0914DB1C35923600A71686 /* Release */ = {
			isa = XCBuildConfiguration;
			buildSettings = {
				ALWAYS_SEARCH_USER_PATHS = NO;
				CLANG_CXX_LANGUAGE_STANDARD = "gnu++0x";
				CLANG_CXX_LIBRARY = "libc++";
				CLANG_ENABLE_MODULES = YES;
				CLANG_ENABLE_OBJC_ARC = YES;
				CLANG_WARN_BOOL_CONVERSION = YES;
				CLANG_WARN_CONSTANT_CONVERSION = YES;
				CLANG_WARN_DIRECT_OBJC_ISA_USAGE = YES_ERROR;
				CLANG_WARN_EMPTY_BODY = YES;
				CLANG_WARN_ENUM_CONVERSION = YES;
				CLANG_WARN_INT_CONVERSION = YES;
				CLANG_WARN_OBJC_ROOT_CLASS = YES_ERROR;
				CLANG_WARN_UNREACHABLE_CODE = YES;
				CLANG_WARN__DUPLICATE_METHOD_MATCH = YES;
				COPY_PHASE_STRIP = NO;
				DEBUG_INFORMATION_FORMAT = "dwarf-with-dsym";
				ENABLE_NS_ASSERTIONS = NO;
				ENABLE_STRICT_OBJC_MSGSEND = YES;
				GCC_C_LANGUAGE_STANDARD = gnu99;
				GCC_NO_COMMON_BLOCKS = YES;
				GCC_WARN_64_TO_32_BIT_CONVERSION = YES;
				GCC_WARN_ABOUT_RETURN_TYPE = YES_ERROR;
				GCC_WARN_UNDECLARED_SELECTOR = YES;
				GCC_WARN_UNINITIALIZED_AUTOS = YES_AGGRESSIVE;
				GCC_WARN_UNUSED_FUNCTION = YES;
				GCC_WARN_UNUSED_VARIABLE = YES;
				MTL_ENABLE_DEBUG_INFO = NO;
				SDKROOT = appletvos;
				TARGETED_DEVICE_FAMILY = 3;
				TVOS_DEPLOYMENT_TARGET = 9.1;
				VALIDATE_PRODUCT = YES;
			};
			name = Release;
		};
		6C0914DD1C35923600A71686 /* Debug */ = {
			isa = XCBuildConfiguration;
			buildSettings = {
				ASSETCATALOG_COMPILER_APPICON_NAME = "App Icon & Top Shelf Image";
				ASSETCATALOG_COMPILER_LAUNCHIMAGE_NAME = LaunchImage;
				INFOPLIST_FILE = CustomViewFocus/Info.plist;
				LD_RUNPATH_SEARCH_PATHS = "$(inherited) @executable_path/Frameworks";
				PRODUCT_BUNDLE_IDENTIFIER = co.ddapps.CustomViewFocus;
				PRODUCT_NAME = "$(TARGET_NAME)";
			};
			name = Debug;
		};
		6C0914DE1C35923600A71686 /* Release */ = {
			isa = XCBuildConfiguration;
			buildSettings = {
				ASSETCATALOG_COMPILER_APPICON_NAME = "App Icon & Top Shelf Image";
				ASSETCATALOG_COMPILER_LAUNCHIMAGE_NAME = LaunchImage;
				INFOPLIST_FILE = CustomViewFocus/Info.plist;
				LD_RUNPATH_SEARCH_PATHS = "$(inherited) @executable_path/Frameworks";
				PRODUCT_BUNDLE_IDENTIFIER = co.ddapps.CustomViewFocus;
				PRODUCT_NAME = "$(TARGET_NAME)";
			};
			name = Release;
		};
/* End XCBuildConfiguration section */

/* Begin XCConfigurationList section */
		6C0914C81C35923600A71686 /* Build configuration list for PBXProject "CustomViewFocus" */ = {
			isa = XCConfigurationList;
			buildConfigurations = (
				6C0914DA1C35923600A71686 /* Debug */,
				6C0914DB1C35923600A71686 /* Release */,
			);
			defaultConfigurationIsVisible = 0;
			defaultConfigurationName = Release;
		};
		6C0914DC1C35923600A71686 /* Build configuration list for PBXNativeTarget "CustomViewFocus" */ = {
			isa = XCConfigurationList;
			buildConfigurations = (
				6C0914DD1C35923600A71686 /* Debug */,
				6C0914DE1C35923600A71686 /* Release */,
			);
			defaultConfigurationIsVisible = 0;
		};
/* End XCConfigurationList section */
	};
	rootObject = 6C0914C51C35923600A71686 /* Project object */;
}
